
Microsoft Visual Studio Solution File, Format Version 12.00
# Visual Studio Version 16
VisualStudioVersion = 16.0.29926.136
MinimumVisualStudioVersion = 10.0.40219.1
Project("{FAE04EC0-301F-11D3-BF4B-00C04F79EFBC}") = "Bai6", "Bai6\Bai6.csproj", "{B8BFEC32-C441-4DA3-B18A-D72EA7FB23D8}"
EndProject
Global
	GlobalSection(SolutionConfigurationPlatforms) = preSolution
		Debug|Any CPU = Debug|Any CPU
		Release|Any CPU = Release|Any CPU
	EndGlobalSection
	GlobalSection(ProjectConfigurationPlatforms) = postSolution
		{B8BFEC32-C441-4DA3-B18A-D72EA7FB23D8}.Debug|Any CPU.ActiveCfg = Debug|Any CPU
		{B8BFEC32-C441-4DA3-B18A-D72EA7FB23D8}.Debug|Any CPU.Build.0 = Debug|Any CPU
		{B8BFEC32-C441-4DA3-B18A-D72EA7FB23D8}.Release|Any CPU.ActiveCfg = Release|Any CPU
		{B8BFEC32-C441-4DA3-B18A-D72EA7FB23D8}.Release|Any CPU.Build.0 = Release|Any CPU
	EndGlobalSection
	GlobalSection(SolutionProperties) = preSolution
		HideSolutionNode = FALSE
	EndGlobalSection
	GlobalSection(ExtensibilityGlobals) = postSolution
		SolutionGuid = {6353DC2B-5741-4A1C-9F2E-9726B9D28D28}
	EndGlobalSection
EndGlobal
