
Microsoft Visual Studio Solution File, Format Version 12.00
# Visual Studio Version 16
VisualStudioVersion = 16.0.29926.136
MinimumVisualStudioVersion = 10.0.40219.1
Project("{FAE04EC0-301F-11D3-BF4B-00C04F79EFBC}") = "Bai4Lab10", "Bai4Lab10\Bai4Lab10.csproj", "{A34DD33F-85F9-41C0-AAEB-1380FA591434}"
EndProject
Global
	GlobalSection(SolutionConfigurationPlatforms) = preSolution
		Debug|Any CPU = Debug|Any CPU
		Release|Any CPU = Release|Any CPU
	EndGlobalSection
	GlobalSection(ProjectConfigurationPlatforms) = postSolution
		{A34DD33F-85F9-41C0-AAEB-1380FA591434}.Debug|Any CPU.ActiveCfg = Debug|Any CPU
		{A34DD33F-85F9-41C0-AAEB-1380FA591434}.Debug|Any CPU.Build.0 = Debug|Any CPU
		{A34DD33F-85F9-41C0-AAEB-1380FA591434}.Release|Any CPU.ActiveCfg = Release|Any CPU
		{A34DD33F-85F9-41C0-AAEB-1380FA591434}.Release|Any CPU.Build.0 = Release|Any CPU
	EndGlobalSection
	GlobalSection(SolutionProperties) = preSolution
		HideSolutionNode = FALSE
	EndGlobalSection
	GlobalSection(ExtensibilityGlobals) = postSolution
		SolutionGuid = {6A6B387C-7D44-412D-B437-77941B2F9819}
	EndGlobalSection
EndGlobal
