
Microsoft Visual Studio Solution File, Format Version 12.00
# Visual Studio Version 16
VisualStudioVersion = 16.0.29926.136
MinimumVisualStudioVersion = 10.0.40219.1
Project("{FAE04EC0-301F-11D3-BF4B-00C04F79EFBC}") = "Lab4", "Lab4\Lab4.csproj", "{6C684954-ECB0-46A0-97AB-DD9D0BE712CA}"
EndProject
Global
	GlobalSection(SolutionConfigurationPlatforms) = preSolution
		Debug|Any CPU = Debug|Any CPU
		Release|Any CPU = Release|Any CPU
	EndGlobalSection
	GlobalSection(ProjectConfigurationPlatforms) = postSolution
		{6C684954-ECB0-46A0-97AB-DD9D0BE712CA}.Debug|Any CPU.ActiveCfg = Debug|Any CPU
		{6C684954-ECB0-46A0-97AB-DD9D0BE712CA}.Debug|Any CPU.Build.0 = Debug|Any CPU
		{6C684954-ECB0-46A0-97AB-DD9D0BE712CA}.Release|Any CPU.ActiveCfg = Release|Any CPU
		{6C684954-ECB0-46A0-97AB-DD9D0BE712CA}.Release|Any CPU.Build.0 = Release|Any CPU
	EndGlobalSection
	GlobalSection(SolutionProperties) = preSolution
		HideSolutionNode = FALSE
	EndGlobalSection
	GlobalSection(ExtensibilityGlobals) = postSolution
		SolutionGuid = {3F8F18B2-E4B8-4042-B05D-6C027000E3CB}
	EndGlobalSection
EndGlobal
