
Microsoft Visual Studio Solution File, Format Version 12.00
# Visual Studio Version 16
VisualStudioVersion = 16.0.29920.165
MinimumVisualStudioVersion = 10.0.40219.1
Project("{FAE04EC0-301F-11D3-BF4B-00C04F79EFBC}") = "Bai2", "Bai2\Bai2.csproj", "{0233B3CB-75F7-4685-B2AB-959D6A203193}"
EndProject
Global
	GlobalSection(SolutionConfigurationPlatforms) = preSolution
		Debug|Any CPU = Debug|Any CPU
		Release|Any CPU = Release|Any CPU
	EndGlobalSection
	GlobalSection(ProjectConfigurationPlatforms) = postSolution
		{0233B3CB-75F7-4685-B2AB-959D6A203193}.Debug|Any CPU.ActiveCfg = Debug|Any CPU
		{0233B3CB-75F7-4685-B2AB-959D6A203193}.Debug|Any CPU.Build.0 = Debug|Any CPU
		{0233B3CB-75F7-4685-B2AB-959D6A203193}.Release|Any CPU.ActiveCfg = Release|Any CPU
		{0233B3CB-75F7-4685-B2AB-959D6A203193}.Release|Any CPU.Build.0 = Release|Any CPU
	EndGlobalSection
	GlobalSection(SolutionProperties) = preSolution
		HideSolutionNode = FALSE
	EndGlobalSection
	GlobalSection(ExtensibilityGlobals) = postSolution
		SolutionGuid = {C2A01ECA-D047-4FD3-A964-20363A4D20DC}
	EndGlobalSection
EndGlobal
