
Microsoft Visual Studio Solution File, Format Version 12.00
# Visual Studio Version 16
VisualStudioVersion = 16.0.29926.136
MinimumVisualStudioVersion = 10.0.40219.1
Project("{FAE04EC0-301F-11D3-BF4B-00C04F79EFBC}") = "Bai5", "Bai5\Bai5.csproj", "{353DB305-E89E-48E2-9723-A9AB694221EC}"
EndProject
Global
	GlobalSection(SolutionConfigurationPlatforms) = preSolution
		Debug|Any CPU = Debug|Any CPU
		Release|Any CPU = Release|Any CPU
	EndGlobalSection
	GlobalSection(ProjectConfigurationPlatforms) = postSolution
		{353DB305-E89E-48E2-9723-A9AB694221EC}.Debug|Any CPU.ActiveCfg = Debug|Any CPU
		{353DB305-E89E-48E2-9723-A9AB694221EC}.Debug|Any CPU.Build.0 = Debug|Any CPU
		{353DB305-E89E-48E2-9723-A9AB694221EC}.Release|Any CPU.ActiveCfg = Release|Any CPU
		{353DB305-E89E-48E2-9723-A9AB694221EC}.Release|Any CPU.Build.0 = Release|Any CPU
	EndGlobalSection
	GlobalSection(SolutionProperties) = preSolution
		HideSolutionNode = FALSE
	EndGlobalSection
	GlobalSection(ExtensibilityGlobals) = postSolution
		SolutionGuid = {A4DE2FB7-8DF1-41A0-9F9B-641BEE4ABD94}
	EndGlobalSection
EndGlobal
